
Microsoft Visual Studio Solution File, Format Version 12.00
# Visual Studio Version 17
VisualStudioVersion = 17.3.32819.101
MinimumVisualStudioVersion = 10.0.40219.1
Project("{FAE04EC0-301F-11D3-BF4B-00C04F79EFBC}") = "LinqLab", "LinqLab\LinqLab.csproj", "{6B802A69-8DCA-4216-9118-3B3A31C4AFB3}"
EndProject
Global
	GlobalSection(SolutionConfigurationPlatforms) = preSolution
		Debug|Any CPU = Debug|Any CPU
		Release|Any CPU = Release|Any CPU
	EndGlobalSection
	GlobalSection(ProjectConfigurationPlatforms) = postSolution
		{6B802A69-8DCA-4216-9118-3B3A31C4AFB3}.Debug|Any CPU.ActiveCfg = Debug|Any CPU
		{6B802A69-8DCA-4216-9118-3B3A31C4AFB3}.Debug|Any CPU.Build.0 = Debug|Any CPU
		{6B802A69-8DCA-4216-9118-3B3A31C4AFB3}.Release|Any CPU.ActiveCfg = Release|Any CPU
		{6B802A69-8DCA-4216-9118-3B3A31C4AFB3}.Release|Any CPU.Build.0 = Release|Any CPU
	EndGlobalSection
	GlobalSection(SolutionProperties) = preSolution
		HideSolutionNode = FALSE
	EndGlobalSection
	GlobalSection(ExtensibilityGlobals) = postSolution
		SolutionGuid = {054869CD-0BF6-436B-99C3-5D2F64AA58F7}
	EndGlobalSection
EndGlobal
